Microsoft Visual Studio Solution File, Format Version 12.00
# Visual Studio 2012
Project("{8BC9CEB8-8B4A-11D0-8D11-00A0C91BC942}") = "HalfStepper", "HalfStepper.vcxproj", "{9D2D59B4-0DC7-408A-9479-C1BC41C903F5}"
EndProject
Global
	GlobalSection(SolutionConfigurationPlatforms) = preSolution
		Release|Win32 = Release|Win32
	EndGlobalSection
	GlobalSection(ProjectConfigurationPlatforms) = postSolution
		{9D2D59B4-0DC7-408A-9479-C1BC41C903F5}.Release|Win32.ActiveCfg = Release|Win32
		{9D2D59B4-0DC7-408A-9479-C1BC41C903F5}.Release|Win32.Build.0 = Release|Win32
	EndGlobalSection
	GlobalSection(SolutionProperties) = preSolution
		HideSolutionNode = FALSE
	EndGlobalSection
EndGlobal
